
Microsoft Visual Studio Solution File, Format Version 12.00
# Visual Studio 15
VisualStudioVersion = 15.0.28307.1062
MinimumVisualStudioVersion = 10.0.40219.1
Project("{8BC9CEB8-8B4A-11D0-8D11-00A0C91BC942}") = "SAudio3", "SAudio3\SAudio3.vcxproj", "{7BC9A35D-E3F7-49FA-9275-B8737EB61120}"
EndProject
Global
	GlobalSection(SolutionConfigurationPlatforms) = preSolution
		Debug|x64 = Debug|x64
		Debug|x86 = Debug|x86
		Release|x64 = Release|x64
		Release|x86 = Release|x86
	EndGlobalSection
	GlobalSection(ProjectConfigurationPlatforms) = postSolution
		{7BC9A35D-E3F7-49FA-9275-B8737EB61120}.Debug|x64.ActiveCfg = Debug|x64
		{7BC9A35D-E3F7-49FA-9275-B8737EB61120}.Debug|x64.Build.0 = Debug|x64
		{7BC9A35D-E3F7-49FA-9275-B8737EB61120}.Debug|x86.ActiveCfg = Debug|Win32
		{7BC9A35D-E3F7-49FA-9275-B8737EB61120}.Debug|x86.Build.0 = Debug|Win32
		{7BC9A35D-E3F7-49FA-9275-B8737EB61120}.Release|x64.ActiveCfg = Release|x64
		{7BC9A35D-E3F7-49FA-9275-B8737EB61120}.Release|x64.Build.0 = Release|x64
		{7BC9A35D-E3F7-49FA-9275-B8737EB61120}.Release|x86.ActiveCfg = Release|Win32
		{7BC9A35D-E3F7-49FA-9275-B8737EB61120}.Release|x86.Build.0 = Release|Win32
	EndGlobalSection
	GlobalSection(SolutionProperties) = preSolution
		HideSolutionNode = FALSE
	EndGlobalSection
	GlobalSection(ExtensibilityGlobals) = postSolution
		SolutionGuid = {6F015AD0-1DC6-4A12-AAD1-602B4F76F3E9}
	EndGlobalSection
EndGlobal
