<?xml version="1.0" encoding="utf-8"?>
<Project ToolsVersion="4.0" xmlns="http://schemas.microsoft.com/developer/msbuild/2003">
  <ItemGroup>
    <Filter Include="ソース ファイル">
      <UniqueIdentifier>{4FC737F1-C7A5-4376-A066-2A32D752A2FF}</UniqueIdentifier>
      <Extensions>cpp;c;cc;cxx;def;odl;idl;hpj;bat;asm;asmx</Extensions>
    </Filter>
    <Filter Include="ソース ファイル\ImGui">
      <UniqueIdentifier>{697ef696-de20-4064-85d4-30bfbe5f556d}</UniqueIdentifier>
    </Filter>
    <Filter Include="ソース ファイル\Main">
      <UniqueIdentifier>{a43ee6bd-2ad7-4ee2-bab4-d2d680cac9cd}</UniqueIdentifier>
    </Filter>
    <Filter Include="ソース ファイル\Main\Directx11">
      <UniqueIdentifier>{0e9ccbcc-b0fe-415d-8204-c2b1421b9955}</UniqueIdentifier>
    </Filter>
    <Filter Include="ソース ファイル\Main\Main">
      <UniqueIdentifier>{68e3c89e-80bf-4257-a29e-2ff0d160d16b}</UniqueIdentifier>
    </Filter>
    <Filter Include="ソース ファイル\Main\Window">
      <UniqueIdentifier>{89827c2b-732d-447f-9ff8-25adb14f19ea}</UniqueIdentifier>
    </Filter>
    <Filter Include="ソース ファイル\Main\AppProc">
      <UniqueIdentifier>{0e0d584d-26d7-430c-8557-134f3557ca7f}</UniqueIdentifier>
    </Filter>
    <Filter Include="ソース ファイル\SoundCore">
      <UniqueIdentifier>{39928a45-c648-4414-8223-fba9edf733b2}</UniqueIdentifier>
    </Filter>
    <Filter Include="ソース ファイル\ImGui\Normal">
      <UniqueIdentifier>{3eea9c39-da05-41ec-9569-0f5f941aabb6}</UniqueIdentifier>
    </Filter>
    <Filter Include="ソース ファイル\ImGui\Docking">
      <UniqueIdentifier>{19e5550b-2856-4cb7-a409-081c5cff851e}</UniqueIdentifier>
    </Filter>
    <Filter Include="ソース ファイル\ImGui\ImGuiManager">
      <UniqueIdentifier>{94c25e89-85ae-497a-9105-6ca7342b613f}</UniqueIdentifier>
    </Filter>
    <Filter Include="ソース ファイル\Texture">
      <UniqueIdentifier>{c48238a2-45d4-41e3-affb-dec466840ffa}</UniqueIdentifier>
    </Filter>
    <Filter Include="ソース ファイル\Texture\TextureBase">
      <UniqueIdentifier>{876b87d7-814e-4fc6-b084-83f9806ade49}</UniqueIdentifier>
    </Filter>
    <Filter Include="ソース ファイル\stb">
      <UniqueIdentifier>{4daa2ab5-c772-4f93-b04b-f3794efbb4cd}</UniqueIdentifier>
    </Filter>
    <Filter Include="ソース ファイル\SoundCore\XAudio2">
      <UniqueIdentifier>{cc8c7b6d-53a0-4ff2-82f6-454f7c491c33}</UniqueIdentifier>
    </Filter>
    <Filter Include="ソース ファイル\SoundCore\SoundBase">
      <UniqueIdentifier>{d2ff687e-da9c-4684-a88e-c076a8450b0f}</UniqueIdentifier>
    </Filter>
    <Filter Include="メモ">
      <UniqueIdentifier>{17e7ddba-39e0-4a54-96d5-4dc8227e4c5a}</UniqueIdentifier>
    </Filter>
    <Filter Include="ソース ファイル\ImGui\ImGuiPlotManager">
      <UniqueIdentifier>{d5b4dbb8-c6ca-4c37-8e87-a897943e5bae}</UniqueIdentifier>
    </Filter>
    <Filter Include="ソース ファイル\Icon">
      <UniqueIdentifier>{59a0ddfe-a1ad-4c27-95c0-d8781b1986fd}</UniqueIdentifier>
    </Filter>
    <Filter Include="ソース ファイル\CUDA">
      <UniqueIdentifier>{b5ce0de9-964a-4de3-9f5b-726dc9f840d8}</UniqueIdentifier>
    </Filter>
    <Filter Include="ソース ファイル\ImGui\ImGuiMixerManager">
      <UniqueIdentifier>{b43e0f9a-9262-4794-9bd8-d74274ef5e71}</UniqueIdentifier>
    </Filter>
    <Filter Include="ソース ファイル\SoundCore\SampleRateNormalizer">
      <UniqueIdentifier>{69c9f735-f6dc-4be7-a327-aac3c566bbcc}</UniqueIdentifier>
    </Filter>
    <Filter Include="ソース ファイル\SoundCore\XAudio2\XAudio2Manager">
      <UniqueIdentifier>{b54b8a26-d768-4d83-bfa5-7be740f2def3}</UniqueIdentifier>
    </Filter>
    <Filter Include="ソース ファイル\SoundCore\XAudio2\XAudio2EffectManager">
      <UniqueIdentifier>{a80002e5-9a06-4b46-a731-0287bc38e191}</UniqueIdentifier>
    </Filter>
    <Filter Include="ソース ファイル\SoundCore\XAudio2\XAPO">
      <UniqueIdentifier>{b4532694-4d52-43ff-9844-1a90a7f2c26f}</UniqueIdentifier>
    </Filter>
  </ItemGroup>
  <ItemGroup>
    <ClInclude Include="Directx11.h">
      <Filter>ソース ファイル\Main\Directx11</Filter>
    </ClInclude>
    <ClInclude Include="Main.h">
      <Filter>ソース ファイル\Main\Main</Filter>
    </ClInclude>
    <ClInclude Include="Window.h">
      <Filter>ソース ファイル\Main\Window</Filter>
    </ClInclude>
    <ClInclude Include="AppProc.h">
      <Filter>ソース ファイル\Main\AppProc</Filter>
    </ClInclude>
    <ClInclude Include="ImGui\docking\imgui.h">
      <Filter>ソース ファイル\ImGui\Docking</Filter>
    </ClInclude>
    <ClInclude Include="ImGui\docking\imgui_impl_dx11.h">
      <Filter>ソース ファイル\ImGui\Docking</Filter>
    </ClInclude>
    <ClInclude Include="ImGui\docking\imgui_impl_win32.h">
      <Filter>ソース ファイル\ImGui\Docking</Filter>
    </ClInclude>
    <ClInclude Include="ImGui\docking\imgui_internal.h">
      <Filter>ソース ファイル\ImGui\Docking</Filter>
    </ClInclude>
    <ClInclude Include="ImGui\docking\imstb_rectpack.h">
      <Filter>ソース ファイル\ImGui\Docking</Filter>
    </ClInclude>
    <ClInclude Include="ImGui\docking\imstb_textedit.h">
      <Filter>ソース ファイル\ImGui\Docking</Filter>
    </ClInclude>
    <ClInclude Include="ImGui\docking\imstb_truetype.h">
      <Filter>ソース ファイル\ImGui\Docking</Filter>
    </ClInclude>
    <ClInclude Include="ImGui\docking\imconfig.h">
      <Filter>ソース ファイル\ImGui\Docking</Filter>
    </ClInclude>
    <ClInclude Include="ImGui\imconfig.h">
      <Filter>ソース ファイル\ImGui\Normal</Filter>
    </ClInclude>
    <ClInclude Include="ImGui\imgui.h">
      <Filter>ソース ファイル\ImGui\Normal</Filter>
    </ClInclude>
    <ClInclude Include="ImGui\imgui_impl_dx11.h">
      <Filter>ソース ファイル\ImGui\Normal</Filter>
    </ClInclude>
    <ClInclude Include="ImGui\imgui_impl_win32.h">
      <Filter>ソース ファイル\ImGui\Normal</Filter>
    </ClInclude>
    <ClInclude Include="ImGui\imgui_internal.h">
      <Filter>ソース ファイル\ImGui\Normal</Filter>
    </ClInclude>
    <ClInclude Include="ImGui\imstb_rectpack.h">
      <Filter>ソース ファイル\ImGui\Normal</Filter>
    </ClInclude>
    <ClInclude Include="ImGui\imstb_textedit.h">
      <Filter>ソース ファイル\ImGui\Normal</Filter>
    </ClInclude>
    <ClInclude Include="ImGui\imstb_truetype.h">
      <Filter>ソース ファイル\ImGui\Normal</Filter>
    </ClInclude>
    <ClInclude Include="ImguiManager.h">
      <Filter>ソース ファイル\ImGui\ImGuiManager</Filter>
    </ClInclude>
    <ClInclude Include="TextureBase.h">
      <Filter>ソース ファイル\Texture\TextureBase</Filter>
    </ClInclude>
    <ClInclude Include="stb_image.h">
      <Filter>ソース ファイル\stb</Filter>
    </ClInclude>
    <ClInclude Include="SoundBase.h">
      <Filter>ソース ファイル\SoundCore\SoundBase</Filter>
    </ClInclude>
    <ClInclude Include="ImGuiPlotManager.h">
      <Filter>ソース ファイル\ImGui\ImGuiPlotManager</Filter>
    </ClInclude>
    <ClInclude Include="icon.h">
      <Filter>ソース ファイル\Icon</Filter>
    </ClInclude>
    <ClInclude Include="ImGuiMixerManager.h">
      <Filter>ソース ファイル\ImGui\ImGuiMixerManager</Filter>
    </ClInclude>
    <ClInclude Include="SampleRateNormalizer.h">
      <Filter>ソース ファイル\SoundCore\SampleRateNormalizer</Filter>
    </ClInclude>
    <ClInclude Include="XAudio2Manager.h">
      <Filter>ソース ファイル\SoundCore\XAudio2\XAudio2Manager</Filter>
    </ClInclude>
    <ClInclude Include="XAudio2EffectManager.h">
      <Filter>ソース ファイル\SoundCore\XAudio2\XAudio2EffectManager</Filter>
    </ClInclude>
    <ClInclude Include="SAudio3FadeXapo.h">
      <Filter>ソース ファイル\SoundCore\XAudio2\XAPO</Filter>
    </ClInclude>
  </ItemGroup>
  <ItemGroup>
    <ClCompile Include="Directx11.cpp">
      <Filter>ソース ファイル\Main\Directx11</Filter>
    </ClCompile>
    <ClCompile Include="Main.cpp">
      <Filter>ソース ファイル\Main\Main</Filter>
    </ClCompile>
    <ClCompile Include="Window.cpp">
      <Filter>ソース ファイル\Main\Window</Filter>
    </ClCompile>
    <ClCompile Include="AppProc.cpp">
      <Filter>ソース ファイル\Main\AppProc</Filter>
    </ClCompile>
    <ClCompile Include="ImGui\docking\imgui.cpp">
      <Filter>ソース ファイル\ImGui\Docking</Filter>
    </ClCompile>
    <ClCompile Include="ImGui\docking\imgui_demo.cpp">
      <Filter>ソース ファイル\ImGui\Docking</Filter>
    </ClCompile>
    <ClCompile Include="ImGui\docking\imgui_draw.cpp">
      <Filter>ソース ファイル\ImGui\Docking</Filter>
    </ClCompile>
    <ClCompile Include="ImGui\docking\imgui_impl_dx11.cpp">
      <Filter>ソース ファイル\ImGui\Docking</Filter>
    </ClCompile>
    <ClCompile Include="ImGui\docking\imgui_impl_win32.cpp">
      <Filter>ソース ファイル\ImGui\Docking</Filter>
    </ClCompile>
    <ClCompile Include="ImGui\docking\imgui_widgets.cpp">
      <Filter>ソース ファイル\ImGui\Docking</Filter>
    </ClCompile>
    <ClCompile Include="ImGui\imgui.cpp">
      <Filter>ソース ファイル\ImGui\Normal</Filter>
    </ClCompile>
    <ClCompile Include="ImGui\imgui_demo.cpp">
      <Filter>ソース ファイル\ImGui\Normal</Filter>
    </ClCompile>
    <ClCompile Include="ImGui\imgui_draw.cpp">
      <Filter>ソース ファイル\ImGui\Normal</Filter>
    </ClCompile>
    <ClCompile Include="ImGui\imgui_impl_dx11.cpp">
      <Filter>ソース ファイル\ImGui\Normal</Filter>
    </ClCompile>
    <ClCompile Include="ImGui\imgui_impl_win32.cpp">
      <Filter>ソース ファイル\ImGui\Normal</Filter>
    </ClCompile>
    <ClCompile Include="ImGui\imgui_widgets.cpp">
      <Filter>ソース ファイル\ImGui\Normal</Filter>
    </ClCompile>
    <ClCompile Include="ImguiManager.cpp">
      <Filter>ソース ファイル\ImGui\ImGuiManager</Filter>
    </ClCompile>
    <ClCompile Include="TextureBase.cpp">
      <Filter>ソース ファイル\Texture\TextureBase</Filter>
    </ClCompile>
    <ClCompile Include="SoundBase.cpp">
      <Filter>ソース ファイル\SoundCore\SoundBase</Filter>
    </ClCompile>
    <ClCompile Include="ImGuiPlotManager.cpp">
      <Filter>ソース ファイル\ImGui\ImGuiPlotManager</Filter>
    </ClCompile>
    <ClCompile Include="ImGuiMixerManager.cpp">
      <Filter>ソース ファイル\ImGui\ImGuiMixerManager</Filter>
    </ClCompile>
    <ClCompile Include="SampleRateNormalizer.cpp">
      <Filter>ソース ファイル\SoundCore\SampleRateNormalizer</Filter>
    </ClCompile>
    <ClCompile Include="XAudio2Manager.cpp">
      <Filter>ソース ファイル\SoundCore\XAudio2\XAudio2Manager</Filter>
    </ClCompile>
    <ClCompile Include="XAudio2EffectManager.cpp">
      <Filter>ソース ファイル\SoundCore\XAudio2\XAudio2EffectManager</Filter>
    </ClCompile>
    <ClCompile Include="SAudio3FadeXapo.cpp">
      <Filter>ソース ファイル\SoundCore\XAudio2\XAPO</Filter>
    </ClCompile>
  </ItemGroup>
  <ItemGroup>
    <Text Include="..\SaiAudio3企画メモ.txt">
      <Filter>メモ</Filter>
    </Text>
    <Text Include="..\素材リスト.txt">
      <Filter>メモ</Filter>
    </Text>
  </ItemGroup>
  <ItemGroup>
    <None Include="..\Readme.md">
      <Filter>メモ</Filter>
    </None>
  </ItemGroup>
  <ItemGroup>
    <Image Include="icon.ico">
      <Filter>ソース ファイル\Icon</Filter>
    </Image>
  </ItemGroup>
  <ItemGroup>
    <ResourceCompile Include="icon.rc">
      <Filter>ソース ファイル\Icon</Filter>
    </ResourceCompile>
  </ItemGroup>
  <ItemGroup>
    <CudaCompile Include="cudaCalc.cu">
      <Filter>ソース ファイル\CUDA</Filter>
    </CudaCompile>
    <CudaCompile Include="cudaCalc.cuh">
      <Filter>ソース ファイル\CUDA</Filter>
    </CudaCompile>
  </ItemGroup>
</Project>